
Microsoft Visual Studio Solution File, Format Version 12.00
# Visual Studio Version 17
VisualStudioVersion = 17.0.31903.59
MinimumVisualStudioVersion = 10.0.40219.1
Project("{2150E333-8FDC-42A3-9474-1A3956D46DE8}") = "net8.0", "net8.0", "{2A63FCA3-E2E6-4908-83CA-1EC2F43124B4}"
	ProjectSection(SolutionItems) = preProject
		handling-unhandled-exceptions\net8.0\global.json = handling-unhandled-exceptions\net8.0\global.json
	EndProjectSection
EndProject
Project("{2150E333-8FDC-42A3-9474-1A3956D46DE8}") = "net9.0", "net9.0", "{773DD221-00DE-48B0-883B-376F30483862}"
	ProjectSection(SolutionItems) = preProject
		handling-unhandled-exceptions\net9.0\global.json = handling-unhandled-exceptions\net9.0\global.json
	EndProjectSection
EndProject
Project("{FAE04EC0-301F-11D3-BF4B-00C04F79EFBC}") = "AppMAUI", "handling-unhandled-exceptions\net8.0\AppMAUI\AppMAUI.csproj", "{86AAD980-FF65-4D70-AC08-90ED7AA0DB74}"
EndProject
Project("{FAE04EC0-301F-11D3-BF4B-00C04F79EFBC}") = "AppMAUI", "handling-unhandled-exceptions\net9.0\AppMAUI\AppMAUI.csproj", "{95D904FB-3322-4868-AA1C-1F711A9C8C73}"
EndProject
Global
	GlobalSection(SolutionConfigurationPlatforms) = preSolution
		Debug|Any CPU = Debug|Any CPU
		Release|Any CPU = Release|Any CPU
	EndGlobalSection
	GlobalSection(SolutionProperties) = preSolution
		HideSolutionNode = FALSE
	EndGlobalSection
	GlobalSection(NestedProjects) = preSolution
		{86AAD980-FF65-4D70-AC08-90ED7AA0DB74} = {2A63FCA3-E2E6-4908-83CA-1EC2F43124B4}
		{95D904FB-3322-4868-AA1C-1F711A9C8C73} = {773DD221-00DE-48B0-883B-376F30483862}
	EndGlobalSection
	GlobalSection(ProjectConfigurationPlatforms) = postSolution
		{86AAD980-FF65-4D70-AC08-90ED7AA0DB74}.Debug|Any CPU.ActiveCfg = Debug|Any CPU
		{86AAD980-FF65-4D70-AC08-90ED7AA0DB74}.Debug|Any CPU.Build.0 = Debug|Any CPU
		{86AAD980-FF65-4D70-AC08-90ED7AA0DB74}.Release|Any CPU.ActiveCfg = Release|Any CPU
		{86AAD980-FF65-4D70-AC08-90ED7AA0DB74}.Release|Any CPU.Build.0 = Release|Any CPU
		{95D904FB-3322-4868-AA1C-1F711A9C8C73}.Debug|Any CPU.ActiveCfg = Debug|Any CPU
		{95D904FB-3322-4868-AA1C-1F711A9C8C73}.Debug|Any CPU.Build.0 = Debug|Any CPU
		{95D904FB-3322-4868-AA1C-1F711A9C8C73}.Release|Any CPU.ActiveCfg = Release|Any CPU
		{95D904FB-3322-4868-AA1C-1F711A9C8C73}.Release|Any CPU.Build.0 = Release|Any CPU
	EndGlobalSection
EndGlobal
