Microsoft Visual Studio Solution File, Format Version 12.00
# Visual Studio Version 17
VisualStudioVersion = 17.5.2.0
MinimumVisualStudioVersion = 10.0.40219.1
Project("{FAE04EC0-301F-11D3-BF4B-00C04F79EFBC}") = "AppMAUI.Recipes", "AppMAUI.Recipes.csproj", "{53EB32C8-F865-1438-4F33-7003CB3C43E3}"
EndProject
Global
	GlobalSection(SolutionConfigurationPlatforms) = preSolution
		Debug|Any CPU = Debug|Any CPU
		Release|Any CPU = Release|Any CPU
	EndGlobalSection
	GlobalSection(ProjectConfigurationPlatforms) = postSolution
		{53EB32C8-F865-1438-4F33-7003CB3C43E3}.Debug|Any CPU.ActiveCfg = Debug|Any CPU
		{53EB32C8-F865-1438-4F33-7003CB3C43E3}.Debug|Any CPU.Build.0 = Debug|Any CPU
		{53EB32C8-F865-1438-4F33-7003CB3C43E3}.Release|Any CPU.ActiveCfg = Release|Any CPU
		{53EB32C8-F865-1438-4F33-7003CB3C43E3}.Release|Any CPU.Build.0 = Release|Any CPU
	EndGlobalSection
	GlobalSection(SolutionProperties) = preSolution
		HideSolutionNode = FALSE
	EndGlobalSection
	GlobalSection(ExtensibilityGlobals) = postSolution
		SolutionGuid = {E31238F2-13AF-4970-B2E9-9DA6650CFDEC}
	EndGlobalSection
EndGlobal
