
Microsoft Visual Studio Solution File, Format Version 12.00
# Visual Studio Version 17
VisualStudioVersion = 17.8.34227.203
MinimumVisualStudioVersion = 10.0.40219.1
Project("{FAE04EC0-301F-11D3-BF4B-00C04F79EFBC}") = "Fast.Android", "Fast.Android\Fast.Android.csproj", "{3E2C2E1D-4DFD-424D-8D96-2F57DA7EA3D6}"
EndProject
Project("{FAE04EC0-301F-11D3-BF4B-00C04F79EFBC}") = "Fast", "Fast\Fast.csproj", "{2E354A28-BBE6-421B-9992-DFE1C11536D7}"
EndProject
Global
	GlobalSection(SolutionConfigurationPlatforms) = preSolution
		Debug|Any CPU = Debug|Any CPU
		Release|Any CPU = Release|Any CPU
	EndGlobalSection
	GlobalSection(ProjectConfigurationPlatforms) = postSolution
		{3E2C2E1D-4DFD-424D-8D96-2F57DA7EA3D6}.Debug|Any CPU.ActiveCfg = Debug|Any CPU
		{3E2C2E1D-4DFD-424D-8D96-2F57DA7EA3D6}.Debug|Any CPU.Build.0 = Debug|Any CPU
		{3E2C2E1D-4DFD-424D-8D96-2F57DA7EA3D6}.Debug|Any CPU.Deploy.0 = Debug|Any CPU
		{3E2C2E1D-4DFD-424D-8D96-2F57DA7EA3D6}.Release|Any CPU.ActiveCfg = Release|Any CPU
		{3E2C2E1D-4DFD-424D-8D96-2F57DA7EA3D6}.Release|Any CPU.Build.0 = Release|Any CPU
		{3E2C2E1D-4DFD-424D-8D96-2F57DA7EA3D6}.Release|Any CPU.Deploy.0 = Release|Any CPU
		{2E354A28-BBE6-421B-9992-DFE1C11536D7}.Debug|Any CPU.ActiveCfg = Debug|Any CPU
		{2E354A28-BBE6-421B-9992-DFE1C11536D7}.Debug|Any CPU.Build.0 = Debug|Any CPU
		{2E354A28-BBE6-421B-9992-DFE1C11536D7}.Debug|Any CPU.Deploy.0 = Debug|Any CPU
		{2E354A28-BBE6-421B-9992-DFE1C11536D7}.Release|Any CPU.ActiveCfg = Release|Any CPU
		{2E354A28-BBE6-421B-9992-DFE1C11536D7}.Release|Any CPU.Build.0 = Release|Any CPU
		{2E354A28-BBE6-421B-9992-DFE1C11536D7}.Release|Any CPU.Deploy.0 = Release|Any CPU
	EndGlobalSection
	GlobalSection(SolutionProperties) = preSolution
		HideSolutionNode = FALSE
	EndGlobalSection
	GlobalSection(ExtensibilityGlobals) = postSolution
		SolutionGuid = {394947BC-196D-43BC-BEC1-1EF1AFD78942}
	EndGlobalSection
EndGlobal
