
Microsoft Visual Studio Solution File, Format Version 12.00
# Visual Studio Version 17
VisualStudioVersion = 17.9.34310.174
MinimumVisualStudioVersion = 10.0.40219.1
Project("{FAE04EC0-301F-11D3-BF4B-00C04F79EFBC}") = "FlyoutLeak", "FlyoutLeak.csproj", "{F7849EE2-32F4-483D-BE46-CF7B90C336E5}"
EndProject
Global
	GlobalSection(SolutionConfigurationPlatforms) = preSolution
		Debug|Any CPU = Debug|Any CPU
		Release|Any CPU = Release|Any CPU
	EndGlobalSection
	GlobalSection(ProjectConfigurationPlatforms) = postSolution
		{F7849EE2-32F4-483D-BE46-CF7B90C336E5}.Debug|Any CPU.ActiveCfg = Debug|Any CPU
		{F7849EE2-32F4-483D-BE46-CF7B90C336E5}.Debug|Any CPU.Build.0 = Debug|Any CPU
		{F7849EE2-32F4-483D-BE46-CF7B90C336E5}.Debug|Any CPU.Deploy.0 = Debug|Any CPU
		{F7849EE2-32F4-483D-BE46-CF7B90C336E5}.Release|Any CPU.ActiveCfg = Release|Any CPU
		{F7849EE2-32F4-483D-BE46-CF7B90C336E5}.Release|Any CPU.Build.0 = Release|Any CPU
		{F7849EE2-32F4-483D-BE46-CF7B90C336E5}.Release|Any CPU.Deploy.0 = Release|Any CPU
	EndGlobalSection
	GlobalSection(SolutionProperties) = preSolution
		HideSolutionNode = FALSE
	EndGlobalSection
	GlobalSection(ExtensibilityGlobals) = postSolution
		SolutionGuid = {D0B4536E-A176-451B-96AB-5EC0714139F0}
	EndGlobalSection
EndGlobal
