
Microsoft Visual Studio Solution File, Format Version 12.00
# Visual Studio Version 17
VisualStudioVersion = 17.5.002.0
MinimumVisualStudioVersion = 10.0.40219.1
Project("{9A19103F-16F7-4668-BE54-9A1E7A4F7556}") = "AppMAUI.ProjectReferrences", "AppMAUI.ProjectReferrences\AppMAUI.ProjectReferrences.csproj", "{32C24CEE-BB89-435C-A7BD-744641C88C99}"
EndProject
Project("{FAE04EC0-301F-11D3-BF4B-00C04F79EFBC}") = "AppMAUI.Blazor.ProjectReferrences", "AppMAUI.Blazor.ProjectReferrences\AppMAUI.Blazor.ProjectReferrences.csproj", "{B4954155-C3F4-4FBE-B2A7-430A18B47867}"
EndProject
Global
	GlobalSection(SolutionConfigurationPlatforms) = preSolution
		Debug|Any CPU = Debug|Any CPU
		Release|Any CPU = Release|Any CPU
	EndGlobalSection
	GlobalSection(ProjectConfigurationPlatforms) = postSolution
		{32C24CEE-BB89-435C-A7BD-744641C88C99}.Debug|Any CPU.ActiveCfg = Debug|Any CPU
		{32C24CEE-BB89-435C-A7BD-744641C88C99}.Debug|Any CPU.Build.0 = Debug|Any CPU
		{32C24CEE-BB89-435C-A7BD-744641C88C99}.Release|Any CPU.ActiveCfg = Release|Any CPU
		{32C24CEE-BB89-435C-A7BD-744641C88C99}.Release|Any CPU.Build.0 = Release|Any CPU
		{B4954155-C3F4-4FBE-B2A7-430A18B47867}.Debug|Any CPU.ActiveCfg = Debug|Any CPU
		{B4954155-C3F4-4FBE-B2A7-430A18B47867}.Debug|Any CPU.Build.0 = Debug|Any CPU
		{B4954155-C3F4-4FBE-B2A7-430A18B47867}.Release|Any CPU.ActiveCfg = Release|Any CPU
		{B4954155-C3F4-4FBE-B2A7-430A18B47867}.Release|Any CPU.Build.0 = Release|Any CPU
	EndGlobalSection
	GlobalSection(SolutionProperties) = preSolution
		HideSolutionNode = FALSE
	EndGlobalSection
	GlobalSection(ExtensibilityGlobals) = postSolution
		SolutionGuid = {A2EE5025-CE49-4273-8C3C-E2B9EE82F1A2}
	EndGlobalSection
EndGlobal
