
Microsoft Visual Studio Solution File, Format Version 12.00
# Visual Studio Version 17
VisualStudioVersion = 17.8.34205.153
MinimumVisualStudioVersion = 10.0.40219.1
Project("{FAE04EC0-301F-11D3-BF4B-00C04F79EFBC}") = "Picker", "Picker.csproj", "{157C9A6B-D835-4989-A809-11F58AF92EC2}"
EndProject
Global
	GlobalSection(SolutionConfigurationPlatforms) = preSolution
		Debug|Any CPU = Debug|Any CPU
		Release|Any CPU = Release|Any CPU
	EndGlobalSection
	GlobalSection(ProjectConfigurationPlatforms) = postSolution
		{157C9A6B-D835-4989-A809-11F58AF92EC2}.Debug|Any CPU.ActiveCfg = Debug|Any CPU
		{157C9A6B-D835-4989-A809-11F58AF92EC2}.Debug|Any CPU.Build.0 = Debug|Any CPU
		{157C9A6B-D835-4989-A809-11F58AF92EC2}.Debug|Any CPU.Deploy.0 = Debug|Any CPU
		{157C9A6B-D835-4989-A809-11F58AF92EC2}.Release|Any CPU.ActiveCfg = Release|Any CPU
		{157C9A6B-D835-4989-A809-11F58AF92EC2}.Release|Any CPU.Build.0 = Release|Any CPU
		{157C9A6B-D835-4989-A809-11F58AF92EC2}.Release|Any CPU.Deploy.0 = Release|Any CPU
	EndGlobalSection
	GlobalSection(SolutionProperties) = preSolution
		HideSolutionNode = FALSE
	EndGlobalSection
	GlobalSection(ExtensibilityGlobals) = postSolution
		SolutionGuid = {D3DF79CF-D017-4D98-8C25-497673BDD2C1}
	EndGlobalSection
EndGlobal
