
Microsoft Visual Studio Solution File, Format Version 12.00
# Visual Studio Version 16
VisualStudioVersion = 16.0.30114.105
MinimumVisualStudioVersion = 10.0.40219.1
Project("{FAE04EC0-301F-11D3-BF4B-00C04F79EFBC}") = "Library.MAUI", "Library.MAUI\Library.MAUI.csproj", "{A40D64F7-2318-4120-9559-B426F5BB45C9}"
EndProject
Global
	GlobalSection(SolutionConfigurationPlatforms) = preSolution
		Debug|Any CPU = Debug|Any CPU
		Release|Any CPU = Release|Any CPU
	EndGlobalSection
	GlobalSection(SolutionProperties) = preSolution
		HideSolutionNode = FALSE
	EndGlobalSection
	GlobalSection(ProjectConfigurationPlatforms) = postSolution
		{A40D64F7-2318-4120-9559-B426F5BB45C9}.Debug|Any CPU.ActiveCfg = Debug|Any CPU
		{A40D64F7-2318-4120-9559-B426F5BB45C9}.Debug|Any CPU.Build.0 = Debug|Any CPU
		{A40D64F7-2318-4120-9559-B426F5BB45C9}.Release|Any CPU.ActiveCfg = Release|Any CPU
		{A40D64F7-2318-4120-9559-B426F5BB45C9}.Release|Any CPU.Build.0 = Release|Any CPU
	EndGlobalSection
EndGlobal
