
Microsoft Visual Studio Solution File, Format Version 12.00
# Visual Studio Version 17
VisualStudioVersion = 17.9.34723.18
MinimumVisualStudioVersion = 10.0.40219.1
Project("{FAE04EC0-301F-11D3-BF4B-00C04F79EFBC}") = "TestNet8", "TestNet8.csproj", "{459468D9-F431-43E0-AAC2-BE8FF7488151}"
EndProject
Global
	GlobalSection(SolutionConfigurationPlatforms) = preSolution
		Debug|Any CPU = Debug|Any CPU
		Release|Any CPU = Release|Any CPU
	EndGlobalSection
	GlobalSection(ProjectConfigurationPlatforms) = postSolution
		{459468D9-F431-43E0-AAC2-BE8FF7488151}.Debug|Any CPU.ActiveCfg = Debug|Any CPU
		{459468D9-F431-43E0-AAC2-BE8FF7488151}.Debug|Any CPU.Build.0 = Debug|Any CPU
		{459468D9-F431-43E0-AAC2-BE8FF7488151}.Debug|Any CPU.Deploy.0 = Debug|Any CPU
		{459468D9-F431-43E0-AAC2-BE8FF7488151}.Release|Any CPU.ActiveCfg = Release|Any CPU
		{459468D9-F431-43E0-AAC2-BE8FF7488151}.Release|Any CPU.Build.0 = Release|Any CPU
		{459468D9-F431-43E0-AAC2-BE8FF7488151}.Release|Any CPU.Deploy.0 = Release|Any CPU
	EndGlobalSection
	GlobalSection(SolutionProperties) = preSolution
		HideSolutionNode = FALSE
	EndGlobalSection
	GlobalSection(ExtensibilityGlobals) = postSolution
		SolutionGuid = {0FD5628D-9193-4BDE-80F6-C23585E7B5D0}
	EndGlobalSection
EndGlobal
