
Microsoft Visual Studio Solution File, Format Version 12.00
# Visual Studio Version 17
VisualStudioVersion = 17.0.31903.59
MinimumVisualStudioVersion = 10.0.40219.1
Project("{9A19103F-16F7-4668-BE54-9A1E7A4F7556}") = "TodoApp", "TodoApp\TodoApp.csproj", "{1872E71F-91E8-4DDB-8661-59D6583B3601}"
EndProject
Global
	GlobalSection(SolutionConfigurationPlatforms) = preSolution
		Debug|Any CPU = Debug|Any CPU
		Release|Any CPU = Release|Any CPU
	EndGlobalSection
	GlobalSection(ProjectConfigurationPlatforms) = postSolution
		{1872E71F-91E8-4DDB-8661-59D6583B3601}.Debug|Any CPU.ActiveCfg = Debug|Any CPU
		{1872E71F-91E8-4DDB-8661-59D6583B3601}.Debug|Any CPU.Build.0 = Debug|Any CPU
		{1872E71F-91E8-4DDB-8661-59D6583B3601}.Debug|Any CPU.Deploy.0 = Debug|Any CPU
		{1872E71F-91E8-4DDB-8661-59D6583B3601}.Release|Any CPU.ActiveCfg = Release|Any CPU
		{1872E71F-91E8-4DDB-8661-59D6583B3601}.Release|Any CPU.Build.0 = Release|Any CPU
		{1872E71F-91E8-4DDB-8661-59D6583B3601}.Release|Any CPU.Deploy.0 = Release|Any CPU
	EndGlobalSection
	GlobalSection(SolutionProperties) = preSolution
		HideSolutionNode = FALSE
	EndGlobalSection
	GlobalSection(ExtensibilityGlobals) = postSolution
		SolutionGuid = {40B8EA3D-BD75-4332-BD72-631BEAF6412A}
	EndGlobalSection
EndGlobal
