
Microsoft Visual Studio Solution File, Format Version 12.00
Project("{FAE04EC0-301F-11D3-BF4B-00C04F79EFBC}") = "MauiCollectionViewPerformance", "MauiCollectionViewPerformance\MauiCollectionViewPerformance.csproj", "{136C4A34-F99D-4B17-9FC0-FBD38D504841}"
EndProject
Global
	GlobalSection(SolutionConfigurationPlatforms) = preSolution
		Debug|Any CPU = Debug|Any CPU
		Release|Any CPU = Release|Any CPU
	EndGlobalSection
	GlobalSection(ProjectConfigurationPlatforms) = postSolution
		{136C4A34-F99D-4B17-9FC0-FBD38D504841}.Debug|Any CPU.ActiveCfg = Debug|Any CPU
		{136C4A34-F99D-4B17-9FC0-FBD38D504841}.Debug|Any CPU.Build.0 = Debug|Any CPU
		{136C4A34-F99D-4B17-9FC0-FBD38D504841}.Release|Any CPU.ActiveCfg = Release|Any CPU
		{136C4A34-F99D-4B17-9FC0-FBD38D504841}.Release|Any CPU.Build.0 = Release|Any CPU
	EndGlobalSection
EndGlobal
