
Microsoft Visual Studio Solution File, Format Version 12.00
Project("{FAE04EC0-301F-11D3-BF4B-00C04F79EFBC}") = "ThreeTabsCrash", "ThreeTabsCrash\ThreeTabsCrash.csproj", "{71C650F2-5791-4EA9-945B-1BB0859EB943}"
EndProject
Global
	GlobalSection(SolutionConfigurationPlatforms) = preSolution
		Debug|Any CPU = Debug|Any CPU
		Release|Any CPU = Release|Any CPU
	EndGlobalSection
	GlobalSection(ProjectConfigurationPlatforms) = postSolution
		{71C650F2-5791-4EA9-945B-1BB0859EB943}.Debug|Any CPU.ActiveCfg = Debug|Any CPU
		{71C650F2-5791-4EA9-945B-1BB0859EB943}.Debug|Any CPU.Build.0 = Debug|Any CPU
		{71C650F2-5791-4EA9-945B-1BB0859EB943}.Release|Any CPU.ActiveCfg = Release|Any CPU
		{71C650F2-5791-4EA9-945B-1BB0859EB943}.Release|Any CPU.Build.0 = Release|Any CPU
	EndGlobalSection
EndGlobal
